
Microsoft Visual Studio Solution File, Format Version 12.00
# Visual Studio Version 16
VisualStudioVersion = 16.0.29827.131
MinimumVisualStudioVersion = 10.0.40219.1
Project("{FAE04EC0-301F-11D3-BF4B-00C04F79EFBC}") = "Bajo", "Bajo\Bajo.csproj", "{4FCE2E5B-1BA1-4E16-9BD1-977899E21FE6}"
EndProject
Global
	GlobalSection(SolutionConfigurationPlatforms) = preSolution
		Debug|Any CPU = Debug|Any CPU
		Release|Any CPU = Release|Any CPU
	EndGlobalSection
	GlobalSection(ProjectConfigurationPlatforms) = postSolution
		{4FCE2E5B-1BA1-4E16-9BD1-977899E21FE6}.Debug|Any CPU.ActiveCfg = Debug|Any CPU
		{4FCE2E5B-1BA1-4E16-9BD1-977899E21FE6}.Debug|Any CPU.Build.0 = Debug|Any CPU
		{4FCE2E5B-1BA1-4E16-9BD1-977899E21FE6}.Release|Any CPU.ActiveCfg = Release|Any CPU
		{4FCE2E5B-1BA1-4E16-9BD1-977899E21FE6}.Release|Any CPU.Build.0 = Release|Any CPU
	EndGlobalSection
	GlobalSection(SolutionProperties) = preSolution
		HideSolutionNode = FALSE
	EndGlobalSection
	GlobalSection(ExtensibilityGlobals) = postSolution
		SolutionGuid = {E1CEDA28-FA50-40B7-92ED-40B76B6A3372}
	EndGlobalSection
EndGlobal
